
Microsoft Visual Studio Solution File, Format Version 12.00
# Visual Studio 15
VisualStudioVersion = 15.0.28307.852
MinimumVisualStudioVersion = 10.0.40219.1
Project("{FAE04EC0-301F-11D3-BF4B-00C04F79EFBC}") = "OpenGL-App1", "OpenGL-App1\OpenGL-App1.csproj", "{E9C30B1F-57B3-4989-8C31-E060F36CD53D}"
EndProject
Global
	GlobalSection(SolutionConfigurationPlatforms) = preSolution
		Debug|Any CPU = Debug|Any CPU
		Release|Any CPU = Release|Any CPU
	EndGlobalSection
	GlobalSection(ProjectConfigurationPlatforms) = postSolution
		{E9C30B1F-57B3-4989-8C31-E060F36CD53D}.Debug|Any CPU.ActiveCfg = Debug|Any CPU
		{E9C30B1F-57B3-4989-8C31-E060F36CD53D}.Debug|Any CPU.Build.0 = Debug|Any CPU
		{E9C30B1F-57B3-4989-8C31-E060F36CD53D}.Release|Any CPU.ActiveCfg = Release|Any CPU
		{E9C30B1F-57B3-4989-8C31-E060F36CD53D}.Release|Any CPU.Build.0 = Release|Any CPU
	EndGlobalSection
	GlobalSection(SolutionProperties) = preSolution
		HideSolutionNode = FALSE
	EndGlobalSection
	GlobalSection(ExtensibilityGlobals) = postSolution
		SolutionGuid = {9B38E595-588E-4B33-A6D9-B7DE4D67D51F}
	EndGlobalSection
EndGlobal
